PODS:
  - CropView (0.1.6)
  - SwiftDocumentScanner (0.1.2):
    - CropView (= 0.1.6)

DEPENDENCIES:
  - SwiftDocumentScanner (from `../`)

SPEC REPOS:
  https://github.com/cocoapods/specs.git:
    - CropView

EXTERNAL SOURCES:
  SwiftDocumentScanner:
    :path: "../"

SPEC CHECKSUMS:
  CropView: 2fad8340e54f433fd68a112a27007a4be4f580d0
  SwiftDocumentScanner: 038c994209ca6e583884550a654f0f9c500c8d13

PODFILE CHECKSUM: 9b231fa4d40eac987db64f6e849f0e8775a035ba

COCOAPODS: 1.6.0.beta.2
