// !$*UTF8*$!
{
	archiveVersion = 1;
	classes = {
	};
	objectVersion = 46;
	objects = {

/* Begin PBXBuildFile section */
		4CA8F39B7BEC01C13E212E5A /* Pods_SwiftDocumentScanner_Example.framework in Frameworks */ = {isa = PBXBuildFile; fileRef = B588F333D68600F7500529BA /* Pods_SwiftDocumentScanner_Example.framework */; };
		DDC8CB3A204764860070E650 /* ResultController.swift in Sources */ = {isa = PBXBuildFile; fileRef = DDC8CB30204764850070E650 /* ResultController.swift */; };
		DDC8CB3B204764860070E650 /* ScannerController.swift in Sources */ = {isa = PBXBuildFile; fileRef = DDC8CB31204764850070E650 /* ScannerController.swift */; };
		DDC8CB3C204764860070E650 /* CropController.swift in Sources */ = {isa = PBXBuildFile; fileRef = DDC8CB32204764850070E650 /* CropController.swift */; };
		DDC8CB3D204764860070E650 /* AppDelegate.swift in Sources */ = {isa = PBXBuildFile; fileRef = DDC8CB34204764850070E650 /* AppDelegate.swift */; };
		DDC8CB3E204764860070E650 /* Assets.xcassets in Resources */ = {isa = PBXBuildFile; fileRef = DDC8CB36204764860070E650 /* Assets.xcassets */; };
		DDC8CB3F204764860070E650 /* Main.storyboard in Resources */ = {isa = PBXBuildFile; fileRef = DDC8CB37204764860070E650 /* Main.storyboard */; };
/* End PBXBuildFile section */

/* Begin PBXFileReference section */
		25AAA1B038B530D859A32658 /* LICENSE */ = {isa = PBXFileReference; includeInIndex = 1; lastKnownFileType = text; name = LICENSE; path = ../LICENSE; sourceTree = "<group>"; };
		4FE054256D3156EBE7D853F8 /* Pods-SwiftDocumentScanner_Tests.release.xcconfig */ = {isa = PBXFileReference; includeInIndex = 1; lastKnownFileType = text.xcconfig; name = "Pods-SwiftDocumentScanner_Tests.release.xcconfig"; path = "Pods/Target Support Files/Pods-SwiftDocumentScanner_Tests/Pods-SwiftDocumentScanner_Tests.release.xcconfig"; sourceTree = "<group>"; };
		607FACD01AFB9204008FA782 /* SwiftDocumentScanner_Example.app */ = {isa = PBXFileReference; explicitFileType = wrapper.application; includeInIndex = 0; path = SwiftDocumentScanner_Example.app; sourceTree = BUILT_PRODUCTS_DIR; };
		65A6506577B9416A68E6C836 /* SwiftDocumentScanner.podspec */ = {isa = PBXFileReference; includeInIndex = 1; lastKnownFileType = text; name = SwiftDocumentScanner.podspec; path = ../SwiftDocumentScanner.podspec; sourceTree = "<group>"; xcLanguageSpecificationIdentifier = xcode.lang.ruby; };
		8EBFD8F0B4D2BFA8A2108EA6 /* Pods-SwiftDocumentScanner_Example.release.xcconfig */ = {isa = PBXFileReference; includeInIndex = 1; lastKnownFileType = text.xcconfig; name = "Pods-SwiftDocumentScanner_Example.release.xcconfig"; path = "Pods/Target Support Files/Pods-SwiftDocumentScanner_Example/Pods-SwiftDocumentScanner_Example.release.xcconfig"; sourceTree = "<group>"; };
		9CDE002DEF728EA9CC34B482 /* Pods-SwiftDocumentScanner_Tests.debug.xcconfig */ = {isa = PBXFileReference; includeInIndex = 1; lastKnownFileType = text.xcconfig; name = "Pods-SwiftDocumentScanner_Tests.debug.xcconfig"; path = "Pods/Target Support Files/Pods-SwiftDocumentScanner_Tests/Pods-SwiftDocumentScanner_Tests.debug.xcconfig"; sourceTree = "<group>"; };
		B588F333D68600F7500529BA /* Pods_SwiftDocumentScanner_Example.framework */ = {isa = PBXFileReference; explicitFileType = wrapper.framework; includeInIndex = 0; path = Pods_SwiftDocumentScanner_Example.framework; sourceTree = BUILT_PRODUCTS_DIR; };
		BC1D1EEE4C244C7073ACD71B /* README.md */ = {isa = PBXFileReference; includeInIndex = 1; lastKnownFileType = net.daringfireball.markdown; name = README.md; path = ../README.md; sourceTree = "<group>"; };
		DDC8CB30204764850070E650 /* ResultController.swift */ = {isa = PBXFileReference; fileEncoding = 4; lastKnownFileType = sourcecode.swift; path = ResultController.swift; sourceTree = "<group>"; };
		DDC8CB31204764850070E650 /* ScannerController.swift */ = {isa = PBXFileReference; fileEncoding = 4; lastKnownFileType = sourcecode.swift; path = ScannerController.swift; sourceTree = "<group>"; };
		DDC8CB32204764850070E650 /* CropController.swift */ = {isa = PBXFileReference; fileEncoding = 4; lastKnownFileType = sourcecode.swift; path = CropController.swift; sourceTree = "<group>"; };
		DDC8CB34204764850070E650 /* AppDelegate.swift */ = {isa = PBXFileReference; fileEncoding = 4; lastKnownFileType = sourcecode.swift; path = AppDelegate.swift; sourceTree = "<group>"; };
		DDC8CB36204764860070E650 /* Assets.xcassets */ = {isa = PBXFileReference; lastKnownFileType = folder.assetcatalog; path = Assets.xcassets; sourceTree = "<group>"; };
		DDC8CB38204764860070E650 /* Base */ = {isa = PBXFileReference; lastKnownFileType = file.storyboard; name = Base; path = Base.lproj/Main.storyboard; sourceTree = "<group>"; };
		DDC8CB39204764860070E650 /* Info.plist */ = {isa = PBXFileReference; fileEncoding = 4; lastKnownFileType = text.plist.xml; path = Info.plist; sourceTree = "<group>"; };
		DE2AE748F8875EABFF02E8D9 /* Pods_SwiftDocumentScanner_Tests.framework */ = {isa = PBXFileReference; explicitFileType = wrapper.framework; includeInIndex = 0; path = Pods_SwiftDocumentScanner_Tests.framework; sourceTree = BUILT_PRODUCTS_DIR; };
		ED7459F8B2123A449B6C948C /* Pods-SwiftDocumentScanner_Example.debug.xcconfig */ = {isa = PBXFileReference; includeInIndex = 1; lastKnownFileType = text.xcconfig; name = "Pods-SwiftDocumentScanner_Example.debug.xcconfig"; path = "Pods/Target Support Files/Pods-SwiftDocumentScanner_Example/Pods-SwiftDocumentScanner_Example.debug.xcconfig"; sourceTree = "<group>"; };
/* End PBXFileReference section */

/* Begin PBXFrameworksBuildPhase section */
		607FACCD1AFB9204008FA782 /* Frameworks */ = {
			isa = PBXFrameworksBuildPhase;
			buildActionMask = 2147483647;
			files = (
				4CA8F39B7BEC01C13E212E5A /* Pods_SwiftDocumentScanner_Example.framework in Frameworks */,
			);
			runOnlyForDeploymentPostprocessing = 0;
		};
/* End PBXFrameworksBuildPhase section */

/* Begin PBXGroup section */
		30C6F00256858079B48594C4 /* Frameworks */ = {
			isa = PBXGroup;
			children = (
				B588F333D68600F7500529BA /* Pods_SwiftDocumentScanner_Example.framework */,
				DE2AE748F8875EABFF02E8D9 /* Pods_SwiftDocumentScanner_Tests.framework */,
			);
			name = Frameworks;
			sourceTree = "<group>";
		};
		607FACC71AFB9204008FA782 = {
			isa = PBXGroup;
			children = (
				607FACF51AFB993E008FA782 /* Podspec Metadata */,
				607FACD21AFB9204008FA782 /* Example for SwiftDocumentScanner */,
				607FACD11AFB9204008FA782 /* Products */,
				F541C57851E247E3C15F46AE /* Pods */,
				30C6F00256858079B48594C4 /* Frameworks */,
			);
			sourceTree = "<group>";
		};
		607FACD11AFB9204008FA782 /* Products */ = {
			isa = PBXGroup;
			children = (
				607FACD01AFB9204008FA782 /* SwiftDocumentScanner_Example.app */,
			);
			name = Products;
			sourceTree = "<group>";
		};
		607FACD21AFB9204008FA782 /* Example for SwiftDocumentScanner */ = {
			isa = PBXGroup;
			children = (
				DDC8CB35204764860070E650 /* Resources */,
				DDC8CB2E204764850070E650 /* Sources */,
			);
			name = "Example for SwiftDocumentScanner";
			path = SwiftDocumentScanner;
			sourceTree = "<group>";
		};
		607FACF51AFB993E008FA782 /* Podspec Metadata */ = {
			isa = PBXGroup;
			children = (
				65A6506577B9416A68E6C836 /* SwiftDocumentScanner.podspec */,
				BC1D1EEE4C244C7073ACD71B /* README.md */,
				25AAA1B038B530D859A32658 /* LICENSE */,
			);
			name = "Podspec Metadata";
			sourceTree = "<group>";
		};
		DDC8CB2E204764850070E650 /* Sources */ = {
			isa = PBXGroup;
			children = (
				DDC8CB2F204764850070E650 /* Controllers */,
				DDC8CB33204764850070E650 /* Helpers */,
			);
			path = Sources;
			sourceTree = "<group>";
		};
		DDC8CB2F204764850070E650 /* Controllers */ = {
			isa = PBXGroup;
			children = (
				DDC8CB30204764850070E650 /* ResultController.swift */,
				DDC8CB31204764850070E650 /* ScannerController.swift */,
				DDC8CB32204764850070E650 /* CropController.swift */,
			);
			path = Controllers;
			sourceTree = "<group>";
		};
		DDC8CB33204764850070E650 /* Helpers */ = {
			isa = PBXGroup;
			children = (
				DDC8CB34204764850070E650 /* AppDelegate.swift */,
			);
			path = Helpers;
			sourceTree = "<group>";
		};
		DDC8CB35204764860070E650 /* Resources */ = {
			isa = PBXGroup;
			children = (
				DDC8CB36204764860070E650 /* Assets.xcassets */,
				DDC8CB37204764860070E650 /* Main.storyboard */,
				DDC8CB39204764860070E650 /* Info.plist */,
			);
			path = Resources;
			sourceTree = "<group>";
		};
		F541C57851E247E3C15F46AE /* Pods */ = {
			isa = PBXGroup;
			children = (
				ED7459F8B2123A449B6C948C /* Pods-SwiftDocumentScanner_Example.debug.xcconfig */,
				8EBFD8F0B4D2BFA8A2108EA6 /* Pods-SwiftDocumentScanner_Example.release.xcconfig */,
				9CDE002DEF728EA9CC34B482 /* Pods-SwiftDocumentScanner_Tests.debug.xcconfig */,
				4FE054256D3156EBE7D853F8 /* Pods-SwiftDocumentScanner_Tests.release.xcconfig */,
			);
			name = Pods;
			sourceTree = "<group>";
		};
/* End PBXGroup section */

/* Begin PBXNativeTarget section */
		607FACCF1AFB9204008FA782 /* SwiftDocumentScanner_Example */ = {
			isa = PBXNativeTarget;
			buildConfigurationList = 607FACEF1AFB9204008FA782 /* Build configuration list for PBXNativeTarget "SwiftDocumentScanner_Example" */;
			buildPhases = (
				175E70073F81DACEAF34C87D /* [CP] Check Pods Manifest.lock */,
				607FACCC1AFB9204008FA782 /* Sources */,
				607FACCD1AFB9204008FA782 /* Frameworks */,
				607FACCE1AFB9204008FA782 /* Resources */,
				21796D372EAD9FEACB7C0915 /* [CP] Embed Pods Frameworks */,
			);
			buildRules = (
			);
			dependencies = (
			);
			name = SwiftDocumentScanner_Example;
			productName = SwiftDocumentScanner;
			productReference = 607FACD01AFB9204008FA782 /* SwiftDocumentScanner_Example.app */;
			productType = "com.apple.product-type.application";
		};
/* End PBXNativeTarget section */

/* Begin PBXProject section */
		607FACC81AFB9204008FA782 /* Project object */ = {
			isa = PBXProject;
			attributes = {
				LastSwiftUpdateCheck = 0830;
				LastUpgradeCheck = 1000;
				ORGANIZATIONNAME = CocoaPods;
				TargetAttributes = {
					607FACCF1AFB9204008FA782 = {
						CreatedOnToolsVersion = 6.3.1;
						DevelopmentTeam = 5BTSXG27WA;
						LastSwiftMigration = 0900;
					};
				};
			};
			buildConfigurationList = 607FACCB1AFB9204008FA782 /* Build configuration list for PBXProject "SwiftDocumentScanner" */;
			compatibilityVersion = "Xcode 3.2";
			developmentRegion = English;
			hasScannedForEncodings = 0;
			knownRegions = (
				en,
				Base,
			);
			mainGroup = 607FACC71AFB9204008FA782;
			productRefGroup = 607FACD11AFB9204008FA782 /* Products */;
			projectDirPath = "";
			projectRoot = "";
			targets = (
				607FACCF1AFB9204008FA782 /* SwiftDocumentScanner_Example */,
			);
		};
/* End PBXProject section */

/* Begin PBXResourcesBuildPhase section */
		607FACCE1AFB9204008FA782 /* Resources */ = {
			isa = PBXResourcesBuildPhase;
			buildActionMask = 2147483647;
			files = (
				DDC8CB3E204764860070E650 /* Assets.xcassets in Resources */,
				DDC8CB3F204764860070E650 /* Main.storyboard in Resources */,
			);
			runOnlyForDeploymentPostprocessing = 0;
		};
/* End PBXResourcesBuildPhase section */

/* Begin PBXShellScriptBuildPhase section */
		175E70073F81DACEAF34C87D /* [CP] Check Pods Manifest.lock */ = {
			isa = PBXShellScriptBuildPhase;
			buildActionMask = 2147483647;
			files = (
			);
			inputPaths = (
				"${PODS_PODFILE_DIR_PATH}/Podfile.lock",
				"${PODS_ROOT}/Manifest.lock",
			);
			name = "[CP] Check Pods Manifest.lock";
			outputPaths = (
				"$(DERIVED_FILE_DIR)/Pods-SwiftDocumentScanner_Example-checkManifestLockResult.txt",
			);
			runOnlyForDeploymentPostprocessing = 0;
			shellPath = /bin/sh;
			shellScript = "diff \"${PODS_PODFILE_DIR_PATH}/Podfile.lock\" \"${PODS_ROOT}/Manifest.lock\" > /dev/null\nif [ $? != 0 ] ; then\n    # print error to STDERR\n    echo \"error: The sandbox is not in sync with the Podfile.lock. Run 'pod install' or update your CocoaPods installation.\" >&2\n    exit 1\nfi\n# This output is used by Xcode 'outputs' to avoid re-running this script phase.\necho \"SUCCESS\" > \"${SCRIPT_OUTPUT_FILE_0}\"\n";
			showEnvVarsInLog = 0;
		};
		21796D372EAD9FEACB7C0915 /* [CP] Embed Pods Frameworks */ = {
			isa = PBXShellScriptBuildPhase;
			buildActionMask = 2147483647;
			files = (
			);
			inputPaths = (
				"${PODS_ROOT}/Target Support Files/Pods-SwiftDocumentScanner_Example/Pods-SwiftDocumentScanner_Example-frameworks.sh",
				"${BUILT_PRODUCTS_DIR}/CropView/CropView.framework",
				"${BUILT_PRODUCTS_DIR}/SwiftDocumentScanner/SwiftDocumentScanner.framework",
			);
			name = "[CP] Embed Pods Frameworks";
			outputPaths = (
				"${TARGET_BUILD_DIR}/${FRAMEWORKS_FOLDER_PATH}/CropView.framework",
				"${TARGET_BUILD_DIR}/${FRAMEWORKS_FOLDER_PATH}/SwiftDocumentScanner.framework",
			);
			runOnlyForDeploymentPostprocessing = 0;
			shellPath = /bin/sh;
			shellScript = "\"${PODS_ROOT}/Target Support Files/Pods-SwiftDocumentScanner_Example/Pods-SwiftDocumentScanner_Example-frameworks.sh\"\n";
			showEnvVarsInLog = 0;
		};
/* End PBXShellScriptBuildPhase section */

/* Begin PBXSourcesBuildPhase section */
		607FACCC1AFB9204008FA782 /* Sources */ = {
			isa = PBXSourcesBuildPhase;
			buildActionMask = 2147483647;
			files = (
				DDC8CB3D204764860070E650 /* AppDelegate.swift in Sources */,
				DDC8CB3B204764860070E650 /* ScannerController.swift in Sources */,
				DDC8CB3C204764860070E650 /* CropController.swift in Sources */,
				DDC8CB3A204764860070E650 /* ResultController.swift in Sources */,
			);
			runOnlyForDeploymentPostprocessing = 0;
		};
/* End PBXSourcesBuildPhase section */

/* Begin PBXVariantGroup section */
		DDC8CB37204764860070E650 /* Main.storyboard */ = {
			isa = PBXVariantGroup;
			children = (
				DDC8CB38204764860070E650 /* Base */,
			);
			name = Main.storyboard;
			sourceTree = "<group>";
		};
/* End PBXVariantGroup section */

/* Begin XCBuildConfiguration section */
		607FACED1AFB9204008FA782 /* Debug */ = {
			isa = XCBuildConfiguration;
			buildSettings = {
				ALWAYS_SEARCH_USER_PATHS = NO;
				CLANG_CXX_LANGUAGE_STANDARD = "gnu++0x";
				CLANG_CXX_LIBRARY = "libc++";
				CLANG_ENABLE_MODULES = YES;
				CLANG_ENABLE_OBJC_ARC = YES;
				CLANG_WARN_BLOCK_CAPTURE_AUTORELEASING = YES;
				CLANG_WARN_BOOL_CONVERSION = YES;
				CLANG_WARN_COMMA = YES;
				CLANG_WARN_CONSTANT_CONVERSION = YES;
				CLANG_WARN_DEPRECATED_OBJC_IMPLEMENTATIONS = YES;
				CLANG_WARN_DIRECT_OBJC_ISA_USAGE = YES_ERROR;
				CLANG_WARN_EMPTY_BODY = YES;
				CLANG_WARN_ENUM_CONVERSION = YES;
				CLANG_WARN_INFINITE_RECURSION = YES;
				CLANG_WARN_INT_CONVERSION = YES;
				CLANG_WARN_NON_LITERAL_NULL_CONVERSION = YES;
				CLANG_WARN_OBJC_IMPLICIT_RETAIN_SELF = YES;
				CLANG_WARN_OBJC_LITERAL_CONVERSION = YES;
				CLANG_WARN_OBJC_ROOT_CLASS = YES_ERROR;
				CLANG_WARN_RANGE_LOOP_ANALYSIS = YES;
				CLANG_WARN_STRICT_PROTOTYPES = YES;
				CLANG_WARN_SUSPICIOUS_MOVE = YES;
				CLANG_WARN_UNREACHABLE_CODE = YES;
				CLANG_WARN__DUPLICATE_METHOD_MATCH = YES;
				"CODE_SIGN_IDENTITY[sdk=iphoneos*]" = "iPhone Developer";
				COPY_PHASE_STRIP = NO;
				DEBUG_INFORMATION_FORMAT = "dwarf-with-dsym";
				ENABLE_STRICT_OBJC_MSGSEND = YES;
				ENABLE_TESTABILITY = YES;
				GCC_C_LANGUAGE_STANDARD = gnu99;
				GCC_DYNAMIC_NO_PIC = NO;
				GCC_NO_COMMON_BLOCKS = YES;
				GCC_OPTIMIZATION_LEVEL = 0;
				GCC_PREPROCESSOR_DEFINITIONS = (
					"DEBUG=1",
					"$(inherited)",
				);
				GCC_SYMBOLS_PRIVATE_EXTERN = NO;
				GCC_WARN_64_TO_32_BIT_CONVERSION = YES;
				GCC_WARN_ABOUT_RETURN_TYPE = YES_ERROR;
				GCC_WARN_UNDECLARED_SELECTOR = YES;
				GCC_WARN_UNINITIALIZED_AUTOS = YES_AGGRESSIVE;
				GCC_WARN_UNUSED_FUNCTION = YES;
				GCC_WARN_UNUSED_VARIABLE = YES;
				IPHONEOS_DEPLOYMENT_TARGET = 10.0;
				MTL_ENABLE_DEBUG_INFO = YES;
				ONLY_ACTIVE_ARCH = YES;
				SDKROOT = iphoneos;
				SWIFT_OPTIMIZATION_LEVEL = "-Onone";
			};
			name = Debug;
		};
		607FACEE1AFB9204008FA782 /* Release */ = {
			isa = XCBuildConfiguration;
			buildSettings = {
				ALWAYS_SEARCH_USER_PATHS = NO;
				CLANG_CXX_LANGUAGE_STANDARD = "gnu++0x";
				CLANG_CXX_LIBRARY = "libc++";
				CLANG_ENABLE_MODULES = YES;
				CLANG_ENABLE_OBJC_ARC = YES;
				CLANG_WARN_BLOCK_CAPTURE_AUTORELEASING = YES;
				CLANG_WARN_BOOL_CONVERSION = YES;
				CLANG_WARN_COMMA = YES;
				CLANG_WARN_CONSTANT_CONVERSION = YES;
				CLANG_WARN_DEPRECATED_OBJC_IMPLEMENTATIONS = YES;
				CLANG_WARN_DIRECT_OBJC_ISA_USAGE = YES_ERROR;
				CLANG_WARN_EMPTY_BODY = YES;
				CLANG_WARN_ENUM_CONVERSION = YES;
				CLANG_WARN_INFINITE_RECURSION = YES;
				CLANG_WARN_INT_CONVERSION = YES;
				CLANG_WARN_NON_LITERAL_NULL_CONVERSION = YES;
				CLANG_WARN_OBJC_IMPLICIT_RETAIN_SELF = YES;
				CLANG_WARN_OBJC_LITERAL_CONVERSION = YES;
				CLANG_WARN_OBJC_ROOT_CLASS = YES_ERROR;
				CLANG_WARN_RANGE_LOOP_ANALYSIS = YES;
				CLANG_WARN_STRICT_PROTOTYPES = YES;
				CLANG_WARN_SUSPICIOUS_MOVE = YES;
				CLANG_WARN_UNREACHABLE_CODE = YES;
				CLANG_WARN__DUPLICATE_METHOD_MATCH = YES;
				"CODE_SIGN_IDENTITY[sdk=iphoneos*]" = "iPhone Developer";
				COPY_PHASE_STRIP = NO;
				DEBUG_INFORMATION_FORMAT = "dwarf-with-dsym";
				ENABLE_NS_ASSERTIONS = NO;
				ENABLE_STRICT_OBJC_MSGSEND = YES;
				GCC_C_LANGUAGE_STANDARD = gnu99;
				GCC_NO_COMMON_BLOCKS = YES;
				GCC_WARN_64_TO_32_BIT_CONVERSION = YES;
				GCC_WARN_ABOUT_RETURN_TYPE = YES_ERROR;
				GCC_WARN_UNDECLARED_SELECTOR = YES;
				GCC_WARN_UNINITIALIZED_AUTOS = YES_AGGRESSIVE;
				GCC_WARN_UNUSED_FUNCTION = YES;
				GCC_WARN_UNUSED_VARIABLE = YES;
				IPHONEOS_DEPLOYMENT_TARGET = 10.0;
				MTL_ENABLE_DEBUG_INFO = NO;
				SDKROOT = iphoneos;
				SWIFT_OPTIMIZATION_LEVEL = "-Owholemodule";
				VALIDATE_PRODUCT = YES;
			};
			name = Release;
		};
		607FACF01AFB9204008FA782 /* Debug */ = {
			isa = XCBuildConfiguration;
			baseConfigurationReference = ED7459F8B2123A449B6C948C /* Pods-SwiftDocumentScanner_Example.debug.xcconfig */;
			buildSettings = {
				ASSETCATALOG_COMPILER_APPICON_NAME = AppIcon;
				DEVELOPMENT_TEAM = 5BTSXG27WA;
				INFOPLIST_FILE = "$(SRCROOT)/SwiftDocumentScanner/Resources/Info.plist";
				LD_RUNPATH_SEARCH_PATHS = "$(inherited) @executable_path/Frameworks";
				MODULE_NAME = ExampleApp;
				PRODUCT_BUNDLE_IDENTIFIER = com.jonasbeckers.swiftdocumentscanner;
				PRODUCT_NAME = "$(TARGET_NAME)";
				SWIFT_SWIFT3_OBJC_INFERENCE = Default;
				SWIFT_VERSION = 4.2;
			};
			name = Debug;
		};
		607FACF11AFB9204008FA782 /* Release */ = {
			isa = XCBuildConfiguration;
			baseConfigurationReference = 8EBFD8F0B4D2BFA8A2108EA6 /* Pods-SwiftDocumentScanner_Example.release.xcconfig */;
			buildSettings = {
				ASSETCATALOG_COMPILER_APPICON_NAME = AppIcon;
				DEVELOPMENT_TEAM = 5BTSXG27WA;
				INFOPLIST_FILE = "$(SRCROOT)/SwiftDocumentScanner/Resources/Info.plist";
				LD_RUNPATH_SEARCH_PATHS = "$(inherited) @executable_path/Frameworks";
				MODULE_NAME = ExampleApp;
				PRODUCT_BUNDLE_IDENTIFIER = com.jonasbeckers.swiftdocumentscanner;
				PRODUCT_NAME = "$(TARGET_NAME)";
				SWIFT_SWIFT3_OBJC_INFERENCE = Default;
				SWIFT_VERSION = 4.2;
			};
			name = Release;
		};
/* End XCBuildConfiguration section */

/* Begin XCConfigurationList section */
		607FACCB1AFB9204008FA782 /* Build configuration list for PBXProject "SwiftDocumentScanner" */ = {
			isa = XCConfigurationList;
			buildConfigurations = (
				607FACED1AFB9204008FA782 /* Debug */,
				607FACEE1AFB9204008FA782 /* Release */,
			);
			defaultConfigurationIsVisible = 0;
			defaultConfigurationName = Release;
		};
		607FACEF1AFB9204008FA782 /* Build configuration list for PBXNativeTarget "SwiftDocumentScanner_Example" */ = {
			isa = XCConfigurationList;
			buildConfigurations = (
				607FACF01AFB9204008FA782 /* Debug */,
				607FACF11AFB9204008FA782 /* Release */,
			);
			defaultConfigurationIsVisible = 0;
			defaultConfigurationName = Release;
		};
/* End XCConfigurationList section */
	};
	rootObject = 607FACC81AFB9204008FA782 /* Project object */;
}
